
Microsoft Visual Studio Solution File, Format Version 12.00
# Visual Studio Version 17
VisualStudioVersion = 17.1.32328.378
MinimumVisualStudioVersion = 10.0.40219.1
Project("{FAE04EC0-301F-11D3-BF4B-00C04F79EFBC}") = "SecureAPI", "SecureAPI\SecureAPI.csproj", "{CBEB1EA6-3C2B-4A8D-A6C2-28352533CDAC}"
EndProject
Global
	GlobalSection(SolutionConfigurationPlatforms) = preSolution
		Debug|Any CPU = Debug|Any CPU
		Release|Any CPU = Release|Any CPU
	EndGlobalSection
	GlobalSection(ProjectConfigurationPlatforms) = postSolution
		{CBEB1EA6-3C2B-4A8D-A6C2-28352533CDAC}.Debug|Any CPU.ActiveCfg = Debug|Any CPU
		{CBEB1EA6-3C2B-4A8D-A6C2-28352533CDAC}.Debug|Any CPU.Build.0 = Debug|Any CPU
		{CBEB1EA6-3C2B-4A8D-A6C2-28352533CDAC}.Release|Any CPU.ActiveCfg = Release|Any CPU
		{CBEB1EA6-3C2B-4A8D-A6C2-28352533CDAC}.Release|Any CPU.Build.0 = Release|Any CPU
	EndGlobalSection
	GlobalSection(SolutionProperties) = preSolution
		HideSolutionNode = FALSE
	EndGlobalSection
	GlobalSection(ExtensibilityGlobals) = postSolution
		SolutionGuid = {1F904726-3DFF-4FA8-BCDE-3F124CA0598C}
	EndGlobalSection
EndGlobal
